
Microsoft Visual Studio Solution File, Format Version 12.00
# Visual Studio 15
Project("{FAE04EC0-301F-11D3-BF4B-00C04F79EFBC}") = "Assembly-CSharp", "Assembly-CSharp.csproj", "{DE748CD7-3E79-100D-564C-790203F28710}"
EndProject
Global
	GlobalSection(SolutionConfigurationPlatforms) = preSolution
		Debug|Any CPU = Debug|Any CPU
		Release|Any CPU = Release|Any CPU
	EndGlobalSection
	GlobalSection(ProjectConfigurationPlatforms) = postSolution
		{DE748CD7-3E79-100D-564C-790203F28710}.Debug|Any CPU.ActiveCfg = Debug|Any CPU
		{DE748CD7-3E79-100D-564C-790203F28710}.Debug|Any CPU.Build.0 = Debug|Any CPU
		{DE748CD7-3E79-100D-564C-790203F28710}.Release|Any CPU.ActiveCfg = Release|Any CPU
		{DE748CD7-3E79-100D-564C-790203F28710}.Release|Any CPU.Build.0 = Release|Any CPU
	EndGlobalSection
	GlobalSection(SolutionProperties) = preSolution
		HideSolutionNode = FALSE
	EndGlobalSection
EndGlobal
